
Microsoft Visual Studio Solution File, Format Version 12.00
# Visual Studio Version 16
VisualStudioVersion = 16.0.29806.167
MinimumVisualStudioVersion = 10.0.40219.1
Project("{8BC9CEB8-8B4A-11D0-8D11-00A0C91BC942}") = "Lab1_3", "Lab1_3\Lab1_3.vcxproj", "{7465046A-3F4A-47FC-BBCC-AF7B92A946E7}"
EndProject
Global
	GlobalSection(SolutionConfigurationPlatforms) = preSolution
		Debug|x64 = Debug|x64
		Debug|x86 = Debug|x86
		Release|x64 = Release|x64
		Release|x86 = Release|x86
	EndGlobalSection
	GlobalSection(ProjectConfigurationPlatforms) = postSolution
		{7465046A-3F4A-47FC-BBCC-AF7B92A946E7}.Debug|x64.ActiveCfg = Debug|x64
		{7465046A-3F4A-47FC-BBCC-AF7B92A946E7}.Debug|x64.Build.0 = Debug|x64
		{7465046A-3F4A-47FC-BBCC-AF7B92A946E7}.Debug|x86.ActiveCfg = Debug|Win32
		{7465046A-3F4A-47FC-BBCC-AF7B92A946E7}.Debug|x86.Build.0 = Debug|Win32
		{7465046A-3F4A-47FC-BBCC-AF7B92A946E7}.Release|x64.ActiveCfg = Release|x64
		{7465046A-3F4A-47FC-BBCC-AF7B92A946E7}.Release|x64.Build.0 = Release|x64
		{7465046A-3F4A-47FC-BBCC-AF7B92A946E7}.Release|x86.ActiveCfg = Release|Win32
		{7465046A-3F4A-47FC-BBCC-AF7B92A946E7}.Release|x86.Build.0 = Release|Win32
	EndGlobalSection
	GlobalSection(SolutionProperties) = preSolution
		HideSolutionNode = FALSE
	EndGlobalSection
	GlobalSection(ExtensibilityGlobals) = postSolution
		SolutionGuid = {CA38F6C6-0978-4329-A585-959E04A04DAD}
	EndGlobalSection
EndGlobal
