
Microsoft Visual Studio Solution File, Format Version 12.00
# Visual Studio Version 16
VisualStudioVersion = 16.0.29806.167
MinimumVisualStudioVersion = 10.0.40219.1
Project("{FAE04EC0-301F-11D3-BF4B-00C04F79EFBC}") = "Lab10", "Lab10\Lab10.csproj", "{49DA74A7-163A-4448-B36C-F88363D539CF}"
EndProject
Global
	GlobalSection(SolutionConfigurationPlatforms) = preSolution
		Debug|Any CPU = Debug|Any CPU
		Release|Any CPU = Release|Any CPU
	EndGlobalSection
	GlobalSection(ProjectConfigurationPlatforms) = postSolution
		{49DA74A7-163A-4448-B36C-F88363D539CF}.Debug|Any CPU.ActiveCfg = Debug|Any CPU
		{49DA74A7-163A-4448-B36C-F88363D539CF}.Debug|Any CPU.Build.0 = Debug|Any CPU
		{49DA74A7-163A-4448-B36C-F88363D539CF}.Release|Any CPU.ActiveCfg = Release|Any CPU
		{49DA74A7-163A-4448-B36C-F88363D539CF}.Release|Any CPU.Build.0 = Release|Any CPU
	EndGlobalSection
	GlobalSection(SolutionProperties) = preSolution
		HideSolutionNode = FALSE
	EndGlobalSection
	GlobalSection(ExtensibilityGlobals) = postSolution
		SolutionGuid = {A67332D4-9CA6-402C-A918-90268F297F8A}
	EndGlobalSection
EndGlobal
